// !$*UTF8*$!
{
	archiveVersion = 1;
	classes = {
	};
	objectVersion = 77;
	objects = {

/* Begin PBXBuildFile section */
		0F3EE7B72D40F90900A1CBC2 /* yolo11s.mlpackage in Sources */ = {isa = PBXBuildFile; fileRef = 0F3EE7B02D40F90900A1CBC2 /* yolo11s.mlpackage */; };
		0F3EE7B82D40F90900A1CBC2 /* yolov8x.mlpackage in Sources */ = {isa = PBXBuildFile; fileRef = 0F3EE7B42D40F90900A1CBC2 /* yolov8x.mlpackage */; };
		0F3EE7B92D40F90900A1CBC2 /* yolov8l.mlpackage in Sources */ = {isa = PBXBuildFile; fileRef = 0F3EE7B22D40F90900A1CBC2 /* yolov8l.mlpackage */; };
		0F3EE7BA2D40F90900A1CBC2 /* yolo11l.mlpackage in Sources */ = {isa = PBXBuildFile; fileRef = 0F3EE7AE2D40F90900A1CBC2 /* yolo11l.mlpackage */; };
		0F3EE7F82D41407400A1CBC2 /* yolo11x.mlpackage in Sources */ = {isa = PBXBuildFile; fileRef = 0F3EE7F72D41407400A1CBC2 /* yolo11x.mlpackage */; };
		0F9104D72D47DC7B00F91045 /* YOLOModelManager.swift in Sources */ = {isa = PBXBuildFile; fileRef = 0F9104C72D47DC7B00F91045 /* YOLOModelManager.swift */; };
		0F9104D82D47DC7B00F91045 /* DetectedObject.swift in Sources */ = {isa = PBXBuildFile; fileRef = 0F9104C52D47DC7B00F91045 /* DetectedObject.swift */; };
		0F9104D92D47DC7B00F91045 /* YOLOTrackedObject.swift in Sources */ = {isa = PBXBuildFile; fileRef = 0F9104C82D47DC7B00F91045 /* YOLOTrackedObject.swift */; };
		0F9104DA2D47DC7B00F91045 /* ModelError.swift in Sources */ = {isa = PBXBuildFile; fileRef = 0F9104C62D47DC7B00F91045 /* ModelError.swift */; };
		0F9105052D47DFA500F91045 /* LogWindowController.swift in Sources */ = {isa = PBXBuildFile; fileRef = 0F9104FE2D47DFA500F91045 /* LogWindowController.swift */; };
		0F9105062D47DFA500F91045 /* Shaders.metal in Sources */ = {isa = PBXBuildFile; fileRef = 0F9104F62D47DFA500F91045 /* Shaders.metal */; };
		0F9105072D47DFA500F91045 /* Yolo_MarkerApp.swift in Sources */ = {isa = PBXBuildFile; fileRef = 0F9104DD2D47DFA500F91045 /* Yolo_MarkerApp.swift */; };
		0F9105082D47DFA500F91045 /* ModelService.swift in Sources */ = {isa = PBXBuildFile; fileRef = 0F9104F32D47DFA500F91045 /* ModelService.swift */; };
		0F9105092D47DFA500F91045 /* SegmentationObservation.swift in Sources */ = {isa = PBXBuildFile; fileRef = 0F9104E52D47DFA500F91045 /* SegmentationObservation.swift */; };
		0F91050A2D47DFA500F91045 /* YOLOTrackedObject.swift in Sources */ = {isa = PBXBuildFile; fileRef = 0F9104E32D47DFA500F91045 /* YOLOTrackedObject.swift */; };
		0F91050B2D47DFA500F91045 /* SegmentationRenderer.swift in Sources */ = {isa = PBXBuildFile; fileRef = 0F9104E62D47DFA500F91045 /* SegmentationRenderer.swift */; };
		0F91050C2D47DFA500F91045 /* BoundingBoxView.swift in Sources */ = {isa = PBXBuildFile; fileRef = 0F9104FA2D47DFA500F91045 /* BoundingBoxView.swift */; };
		0F91050D2D47DFA500F91045 /* OverlayWindow.swift in Sources */ = {isa = PBXBuildFile; fileRef = 0F9104FF2D47DFA500F91045 /* OverlayWindow.swift */; };
		0F91050E2D47DFA500F91045 /* ScreenCaptureManager.swift in Sources */ = {isa = PBXBuildFile; fileRef = 0F9104EE2D47DFA500F91045 /* ScreenCaptureManager.swift */; };
		0F91050F2D47DFA500F91045 /* ContentView.swift in Sources */ = {isa = PBXBuildFile; fileRef = 0F9104FB2D47DFA500F91045 /* ContentView.swift */; };
		0F9105102D47DFA500F91045 /* YOLOModelManager.swift in Sources */ = {isa = PBXBuildFile; fileRef = 0F9104E22D47DFA500F91045 /* YOLOModelManager.swift */; };
		0F9105112D47DFA500F91045 /* LogManager.swift in Sources */ = {isa = PBXBuildFile; fileRef = 0F9104F22D47DFA500F91045 /* LogManager.swift */; };
		0F9105122D47DFA500F91045 /* ObjectTracker.swift in Sources */ = {isa = PBXBuildFile; fileRef = 0F9104E82D47DFA500F91045 /* ObjectTracker.swift */; };
		0F9105132D47DFA500F91045 /* ModelError.swift in Sources */ = {isa = PBXBuildFile; fileRef = 0F9104E12D47DFA500F91045 /* ModelError.swift */; };
		0F9105142D47DFA500F91045 /* StatsManager.swift in Sources */ = {isa = PBXBuildFile; fileRef = 0F9104F42D47DFA500F91045 /* StatsManager.swift */; };
		0F9105152D47DFA500F91045 /* AppDelegate.swift in Sources */ = {isa = PBXBuildFile; fileRef = 0F9104DB2D47DFA500F91045 /* AppDelegate.swift */; };
		0F9105162D47DFA500F91045 /* PreferencesView.swift in Sources */ = {isa = PBXBuildFile; fileRef = 0F9104F82D47DFA500F91045 /* PreferencesView.swift */; };
		0F9105172D47DFA500F91045 /* Color+hex.swift in Sources */ = {isa = PBXBuildFile; fileRef = 0F9105022D47DFA500F91045 /* Color+hex.swift */; };
		0F9105182D47DFA500F91045 /* LogWindow.swift in Sources */ = {isa = PBXBuildFile; fileRef = 0F9104FD2D47DFA500F91045 /* LogWindow.swift */; };
		0F9105192D47DFA500F91045 /* Settings.swift in Sources */ = {isa = PBXBuildFile; fileRef = 0F9104F02D47DFA500F91045 /* Settings.swift */; };
		0F91051A2D47DFA500F91045 /* DetectedObject.swift in Sources */ = {isa = PBXBuildFile; fileRef = 0F9104E02D47DFA500F91045 /* DetectedObject.swift */; };
		0F91051B2D47DFA500F91045 /* Preview Assets.xcassets in Resources */ = {isa = PBXBuildFile; fileRef = 0F9104EA2D47DFA500F91045 /* Preview Assets.xcassets */; };
		0F91051C2D47DFA500F91045 /* Assets.xcassets in Resources */ = {isa = PBXBuildFile; fileRef = 0F9104EC2D47DFA500F91045 /* Assets.xcassets */; };
		0F91051D2D47DFA500F91045 /* Info.plist in Resources */ = {isa = PBXBuildFile; fileRef = 0F9104DC2D47DFA500F91045 /* Info.plist */; };
/* End PBXBuildFile section */

/* Begin PBXContainerItemProxy section */
		0F3EE7752D40E14000A1CBC2 /* PBXContainerItemProxy */ = {
			isa = PBXContainerItemProxy;
			containerPortal = 0F3EE75B2D40E13F00A1CBC2 /* Project object */;
			proxyType = 1;
			remoteGlobalIDString = 0F3EE7622D40E13F00A1CBC2;
			remoteInfo = "Yolo Marker";
		};
		0F3EE77F2D40E14000A1CBC2 /* PBXContainerItemProxy */ = {
			isa = PBXContainerItemProxy;
			containerPortal = 0F3EE75B2D40E13F00A1CBC2 /* Project object */;
			proxyType = 1;
			remoteGlobalIDString = 0F3EE7622D40E13F00A1CBC2;
			remoteInfo = "Yolo Marker";
		};
/* End PBXContainerItemProxy section */

/* Begin PBXFileReference section */
		0F3EE7632D40E13F00A1CBC2 /* YOLOverlay.app */ = {isa = PBXFileReference; explicitFileType = wrapper.application; includeInIndex = 0; path = YOLOverlay.app; sourceTree = BUILT_PRODUCTS_DIR; };
		0F3EE7742D40E14000A1CBC2 /* YOLOverlayTests.xctest */ = {isa = PBXFileReference; explicitFileType = wrapper.cfbundle; includeInIndex = 0; path = YOLOverlayTests.xctest; sourceTree = BUILT_PRODUCTS_DIR; };
		0F3EE77E2D40E14000A1CBC2 /* YOLOverlayUITests.xctest */ = {isa = PBXFileReference; explicitFileType = wrapper.cfbundle; includeInIndex = 0; path = YOLOverlayUITests.xctest; sourceTree = BUILT_PRODUCTS_DIR; };
		0F3EE7AE2D40F90900A1CBC2 /* yolo11l.mlpackage */ = {isa = PBXFileReference; lastKnownFileType = folder.mlpackage; path = yolo11l.mlpackage; sourceTree = "<group>"; };
		0F3EE7B02D40F90900A1CBC2 /* yolo11s.mlpackage */ = {isa = PBXFileReference; lastKnownFileType = folder.mlpackage; path = yolo11s.mlpackage; sourceTree = "<group>"; };
		0F3EE7B22D40F90900A1CBC2 /* yolov8l.mlpackage */ = {isa = PBXFileReference; lastKnownFileType = folder.mlpackage; path = yolov8l.mlpackage; sourceTree = "<group>"; };
		0F3EE7B42D40F90900A1CBC2 /* yolov8x.mlpackage */ = {isa = PBXFileReference; lastKnownFileType = folder.mlpackage; path = yolov8x.mlpackage; sourceTree = "<group>"; };
		0F3EE7F72D41407400A1CBC2 /* yolo11x.mlpackage */ = {isa = PBXFileReference; lastKnownFileType = folder.mlpackage; path = yolo11x.mlpackage; sourceTree = "<group>"; };
		0F9104C52D47DC7B00F91045 /* DetectedObject.swift */ = {isa = PBXFileReference; lastKnownFileType = sourcecode.swift; path = DetectedObject.swift; sourceTree = "<group>"; };
		0F9104C62D47DC7B00F91045 /* ModelError.swift */ = {isa = PBXFileReference; lastKnownFileType = sourcecode.swift; path = ModelError.swift; sourceTree = "<group>"; };
		0F9104C72D47DC7B00F91045 /* YOLOModelManager.swift */ = {isa = PBXFileReference; lastKnownFileType = sourcecode.swift; path = YOLOModelManager.swift; sourceTree = "<group>"; };
		0F9104C82D47DC7B00F91045 /* YOLOTrackedObject.swift */ = {isa = PBXFileReference; lastKnownFileType = sourcecode.swift; path = YOLOTrackedObject.swift; sourceTree = "<group>"; };
		0F9104DB2D47DFA500F91045 /* AppDelegate.swift */ = {isa = PBXFileReference; lastKnownFileType = sourcecode.swift; path = AppDelegate.swift; sourceTree = "<group>"; };
		0F9104DC2D47DFA500F91045 /* Info.plist */ = {isa = PBXFileReference; lastKnownFileType = text.plist.xml; path = Info.plist; sourceTree = "<group>"; };
		0F9104DD2D47DFA500F91045 /* Yolo_MarkerApp.swift */ = {isa = PBXFileReference; lastKnownFileType = sourcecode.swift; path = Yolo_MarkerApp.swift; sourceTree = "<group>"; };
		0F9104DE2D47DFA500F91045 /* YOLOverlay.entitlements */ = {isa = PBXFileReference; lastKnownFileType = text.plist.entitlements; path = YOLOverlay.entitlements; sourceTree = "<group>"; };
		0F9104E02D47DFA500F91045 /* DetectedObject.swift */ = {isa = PBXFileReference; lastKnownFileType = sourcecode.swift; path = DetectedObject.swift; sourceTree = "<group>"; };
		0F9104E12D47DFA500F91045 /* ModelError.swift */ = {isa = PBXFileReference; lastKnownFileType = sourcecode.swift; path = ModelError.swift; sourceTree = "<group>"; };
		0F9104E22D47DFA500F91045 /* YOLOModelManager.swift */ = {isa = PBXFileReference; lastKnownFileType = sourcecode.swift; path = YOLOModelManager.swift; sourceTree = "<group>"; };
		0F9104E32D47DFA500F91045 /* YOLOTrackedObject.swift */ = {isa = PBXFileReference; lastKnownFileType = sourcecode.swift; path = YOLOTrackedObject.swift; sourceTree = "<group>"; };
		0F9104E52D47DFA500F91045 /* SegmentationObservation.swift */ = {isa = PBXFileReference; lastKnownFileType = sourcecode.swift; path = SegmentationObservation.swift; sourceTree = "<group>"; };
		0F9104E62D47DFA500F91045 /* SegmentationRenderer.swift */ = {isa = PBXFileReference; lastKnownFileType = sourcecode.swift; path = SegmentationRenderer.swift; sourceTree = "<group>"; };
		0F9104E82D47DFA500F91045 /* ObjectTracker.swift */ = {isa = PBXFileReference; lastKnownFileType = sourcecode.swift; path = ObjectTracker.swift; sourceTree = "<group>"; };
		0F9104EA2D47DFA500F91045 /* Preview Assets.xcassets */ = {isa = PBXFileReference; lastKnownFileType = folder.assetcatalog; path = "Preview Assets.xcassets"; sourceTree = "<group>"; };
		0F9104EC2D47DFA500F91045 /* Assets.xcassets */ = {isa = PBXFileReference; lastKnownFileType = folder.assetcatalog; path = Assets.xcassets; sourceTree = "<group>"; };
		0F9104EE2D47DFA500F91045 /* ScreenCaptureManager.swift */ = {isa = PBXFileReference; lastKnownFileType = sourcecode.swift; path = ScreenCaptureManager.swift; sourceTree = "<group>"; };
		0F9104F02D47DFA500F91045 /* Settings.swift */ = {isa = PBXFileReference; lastKnownFileType = sourcecode.swift; path = Settings.swift; sourceTree = "<group>"; };
		0F9104F22D47DFA500F91045 /* LogManager.swift */ = {isa = PBXFileReference; lastKnownFileType = sourcecode.swift; path = LogManager.swift; sourceTree = "<group>"; };
		0F9104F32D47DFA500F91045 /* ModelService.swift */ = {isa = PBXFileReference; lastKnownFileType = sourcecode.swift; path = ModelService.swift; sourceTree = "<group>"; };
		0F9104F42D47DFA500F91045 /* StatsManager.swift */ = {isa = PBXFileReference; lastKnownFileType = sourcecode.swift; path = StatsManager.swift; sourceTree = "<group>"; };
		0F9104F62D47DFA500F91045 /* Shaders.metal */ = {isa = PBXFileReference; lastKnownFileType = sourcecode.metal; path = Shaders.metal; sourceTree = "<group>"; };
		0F9104F82D47DFA500F91045 /* PreferencesView.swift */ = {isa = PBXFileReference; lastKnownFileType = sourcecode.swift; path = PreferencesView.swift; sourceTree = "<group>"; };
		0F9104FA2D47DFA500F91045 /* BoundingBoxView.swift */ = {isa = PBXFileReference; lastKnownFileType = sourcecode.swift; path = BoundingBoxView.swift; sourceTree = "<group>"; };
		0F9104FB2D47DFA500F91045 /* ContentView.swift */ = {isa = PBXFileReference; lastKnownFileType = sourcecode.swift; path = ContentView.swift; sourceTree = "<group>"; };
		0F9104FD2D47DFA500F91045 /* LogWindow.swift */ = {isa = PBXFileReference; lastKnownFileType = sourcecode.swift; path = LogWindow.swift; sourceTree = "<group>"; };
		0F9104FE2D47DFA500F91045 /* LogWindowController.swift */ = {isa = PBXFileReference; lastKnownFileType = sourcecode.swift; path = LogWindowController.swift; sourceTree = "<group>"; };
		0F9104FF2D47DFA500F91045 /* OverlayWindow.swift */ = {isa = PBXFileReference; lastKnownFileType = sourcecode.swift; path = OverlayWindow.swift; sourceTree = "<group>"; };
		0F9105022D47DFA500F91045 /* Color+hex.swift */ = {isa = PBXFileReference; lastKnownFileType = sourcecode.swift; path = "Color+hex.swift"; sourceTree = "<group>"; };
/* End PBXFileReference section */

/* Begin PBXFileSystemSynchronizedRootGroup section */
		0F3EE7772D40E14000A1CBC2 /* YOLOverlayTests */ = {
			isa = PBXFileSystemSynchronizedRootGroup;
			path = YOLOverlayTests;
			sourceTree = "<group>";
		};
		0F3EE7812D40E14000A1CBC2 /* YOLOverlayUITests */ = {
			isa = PBXFileSystemSynchronizedRootGroup;
			path = YOLOverlayUITests;
			sourceTree = "<group>";
		};
/* End PBXFileSystemSynchronizedRootGroup section */

/* Begin PBXFrameworksBuildPhase section */
		0F3EE7602D40E13F00A1CBC2 /* Frameworks */ = {
			isa = PBXFrameworksBuildPhase;
			buildActionMask = 2147483647;
			files = (
			);
			runOnlyForDeploymentPostprocessing = 0;
		};
		0F3EE7712D40E14000A1CBC2 /* Frameworks */ = {
			isa = PBXFrameworksBuildPhase;
			buildActionMask = 2147483647;
			files = (
			);
			runOnlyForDeploymentPostprocessing = 0;
		};
		0F3EE77B2D40E14000A1CBC2 /* Frameworks */ = {
			isa = PBXFrameworksBuildPhase;
			buildActionMask = 2147483647;
			files = (
			);
			runOnlyForDeploymentPostprocessing = 0;
		};
/* End PBXFrameworksBuildPhase section */

/* Begin PBXGroup section */
		0F3EE75A2D40E13F00A1CBC2 = {
			isa = PBXGroup;
			children = (
				0F3EE8332D414C5500A1CBC2 /* YOLOverlay */,
				0F3EE7B62D40F90900A1CBC2 /* ultralytics */,
				0F3EE7772D40E14000A1CBC2 /* YOLOverlayTests */,
				0F3EE7812D40E14000A1CBC2 /* YOLOverlayUITests */,
				0F3EE7642D40E13F00A1CBC2 /* Products */,
			);
			sourceTree = "<group>";
		};
		0F3EE7642D40E13F00A1CBC2 /* Products */ = {
			isa = PBXGroup;
			children = (
				0F3EE7632D40E13F00A1CBC2 /* YOLOverlay.app */,
				0F3EE7742D40E14000A1CBC2 /* YOLOverlayTests.xctest */,
				0F3EE77E2D40E14000A1CBC2 /* YOLOverlayUITests.xctest */,
			);
			name = Products;
			sourceTree = "<group>";
		};
		0F3EE7B62D40F90900A1CBC2 /* ultralytics */ = {
			isa = PBXGroup;
			children = (
				0F3EE7F72D41407400A1CBC2 /* yolo11x.mlpackage */,
				0F3EE7AE2D40F90900A1CBC2 /* yolo11l.mlpackage */,
				0F3EE7B02D40F90900A1CBC2 /* yolo11s.mlpackage */,
				0F3EE7B22D40F90900A1CBC2 /* yolov8l.mlpackage */,
				0F3EE7B42D40F90900A1CBC2 /* yolov8x.mlpackage */,
			);
			path = ultralytics;
			sourceTree = "<group>";
		};
		0F3EE8332D414C5500A1CBC2 /* YOLOverlay */ = {
			isa = PBXGroup;
			children = (
				0F9104DF2D47DFA500F91045 /* App */,
				0F9104E92D47DFA500F91045 /* Models */,
				0F9104ED2D47DFA500F91045 /* Resources */,
				0F9104F52D47DFA500F91045 /* Services */,
				0F9105012D47DFA500F91045 /* UI */,
				0F9105042D47DFA500F91045 /* Utils */,
				0F9104C42D47DC7B00F91045 /* App */,
				0F9104CB2D47DC7B00F91045 /* Models */,
				0F9104CC2D47DC7B00F91045 /* Resources */,
				0F9104CF2D47DC7B00F91045 /* Services */,
				0F9104D42D47DC7B00F91045 /* UI */,
				0F9104D62D47DC7B00F91045 /* Utils */,
			);
			path = YOLOverlay;
			sourceTree = "<group>";
		};
		0F9104C42D47DC7B00F91045 /* App */ = {
			isa = PBXGroup;
			children = (
			);
			path = App;
			sourceTree = "<group>";
		};
		0F9104C92D47DC7B00F91045 /* Detection */ = {
			isa = PBXGroup;
			children = (
				0F9104C52D47DC7B00F91045 /* DetectedObject.swift */,
				0F9104C62D47DC7B00F91045 /* ModelError.swift */,
				0F9104C72D47DC7B00F91045 /* YOLOModelManager.swift */,
				0F9104C82D47DC7B00F91045 /* YOLOTrackedObject.swift */,
			);
			path = Detection;
			sourceTree = "<group>";
		};
		0F9104CA2D47DC7B00F91045 /* Segmentation */ = {
			isa = PBXGroup;
			children = (
			);
			path = Segmentation;
			sourceTree = "<group>";
		};
		0F9104CB2D47DC7B00F91045 /* Models */ = {
			isa = PBXGroup;
			children = (
				0F9104C92D47DC7B00F91045 /* Detection */,
				0F9104CA2D47DC7B00F91045 /* Segmentation */,
			);
			path = Models;
			sourceTree = "<group>";
		};
		0F9104CC2D47DC7B00F91045 /* Resources */ = {
			isa = PBXGroup;
			children = (
			);
			path = Resources;
			sourceTree = "<group>";
		};
		0F9104CD2D47DC7B00F91045 /* Capture */ = {
			isa = PBXGroup;
			children = (
			);
			path = Capture;
			sourceTree = "<group>";
		};
		0F9104CE2D47DC7B00F91045 /* Settings */ = {
			isa = PBXGroup;
			children = (
			);
			path = Settings;
			sourceTree = "<group>";
		};
		0F9104CF2D47DC7B00F91045 /* Services */ = {
			isa = PBXGroup;
			children = (
				0F9104CD2D47DC7B00F91045 /* Capture */,
				0F9104CE2D47DC7B00F91045 /* Settings */,
			);
			path = Services;
			sourceTree = "<group>";
		};
		0F9104D02D47DC7B00F91045 /* Rendering */ = {
			isa = PBXGroup;
			children = (
			);
			path = Rendering;
			sourceTree = "<group>";
		};
		0F9104D12D47DC7B00F91045 /* PreferencesView */ = {
			isa = PBXGroup;
			children = (
			);
			path = PreferencesView;
			sourceTree = "<group>";
		};
		0F9104D22D47DC7B00F91045 /* Views */ = {
			isa = PBXGroup;
			children = (
				0F9104D12D47DC7B00F91045 /* PreferencesView */,
			);
			path = Views;
			sourceTree = "<group>";
		};
		0F9104D32D47DC7B00F91045 /* Windows */ = {
			isa = PBXGroup;
			children = (
			);
			path = Windows;
			sourceTree = "<group>";
		};
		0F9104D42D47DC7B00F91045 /* UI */ = {
			isa = PBXGroup;
			children = (
				0F9104D02D47DC7B00F91045 /* Rendering */,
				0F9104D22D47DC7B00F91045 /* Views */,
				0F9104D32D47DC7B00F91045 /* Windows */,
			);
			path = UI;
			sourceTree = "<group>";
		};
		0F9104D52D47DC7B00F91045 /* Extensions */ = {
			isa = PBXGroup;
			children = (
			);
			path = Extensions;
			sourceTree = "<group>";
		};
		0F9104D62D47DC7B00F91045 /* Utils */ = {
			isa = PBXGroup;
			children = (
				0F9104D52D47DC7B00F91045 /* Extensions */,
			);
			path = Utils;
			sourceTree = "<group>";
		};
		0F9104DF2D47DFA500F91045 /* App */ = {
			isa = PBXGroup;
			children = (
				0F9104DB2D47DFA500F91045 /* AppDelegate.swift */,
				0F9104DC2D47DFA500F91045 /* Info.plist */,
				0F9104DD2D47DFA500F91045 /* Yolo_MarkerApp.swift */,
				0F9104DE2D47DFA500F91045 /* YOLOverlay.entitlements */,
			);
			path = App;
			sourceTree = "<group>";
		};
		0F9104E42D47DFA500F91045 /* Detection */ = {
			isa = PBXGroup;
			children = (
				0F9104E02D47DFA500F91045 /* DetectedObject.swift */,
				0F9104E12D47DFA500F91045 /* ModelError.swift */,
				0F9104E22D47DFA500F91045 /* YOLOModelManager.swift */,
				0F9104E32D47DFA500F91045 /* YOLOTrackedObject.swift */,
			);
			path = Detection;
			sourceTree = "<group>";
		};
		0F9104E72D47DFA500F91045 /* Segmentation */ = {
			isa = PBXGroup;
			children = (
				0F9104E52D47DFA500F91045 /* SegmentationObservation.swift */,
				0F9104E62D47DFA500F91045 /* SegmentationRenderer.swift */,
			);
			path = Segmentation;
			sourceTree = "<group>";
		};
		0F9104E92D47DFA500F91045 /* Models */ = {
			isa = PBXGroup;
			children = (
				0F9104E42D47DFA500F91045 /* Detection */,
				0F9104E72D47DFA500F91045 /* Segmentation */,
				0F9104E82D47DFA500F91045 /* ObjectTracker.swift */,
			);
			path = Models;
			sourceTree = "<group>";
		};
		0F9104EB2D47DFA500F91045 /* Preview Content */ = {
			isa = PBXGroup;
			children = (
				0F9104EA2D47DFA500F91045 /* Preview Assets.xcassets */,
			);
			path = "Preview Content";
			sourceTree = "<group>";
		};
		0F9104ED2D47DFA500F91045 /* Resources */ = {
			isa = PBXGroup;
			children = (
				0F9104EB2D47DFA500F91045 /* Preview Content */,
				0F9104EC2D47DFA500F91045 /* Assets.xcassets */,
			);
			path = Resources;
			sourceTree = "<group>";
		};
		0F9104EF2D47DFA500F91045 /* Capture */ = {
			isa = PBXGroup;
			children = (
				0F9104EE2D47DFA500F91045 /* ScreenCaptureManager.swift */,
			);
			path = Capture;
			sourceTree = "<group>";
		};
		0F9104F12D47DFA500F91045 /* Settings */ = {
			isa = PBXGroup;
			children = (
				0F9104F02D47DFA500F91045 /* Settings.swift */,
			);
			path = Settings;
			sourceTree = "<group>";
		};
		0F9104F52D47DFA500F91045 /* Services */ = {
			isa = PBXGroup;
			children = (
				0F9104EF2D47DFA500F91045 /* Capture */,
				0F9104F12D47DFA500F91045 /* Settings */,
				0F9104F22D47DFA500F91045 /* LogManager.swift */,
				0F9104F32D47DFA500F91045 /* ModelService.swift */,
				0F9104F42D47DFA500F91045 /* StatsManager.swift */,
			);
			path = Services;
			sourceTree = "<group>";
		};
		0F9104F72D47DFA500F91045 /* Rendering */ = {
			isa = PBXGroup;
			children = (
				0F9104F62D47DFA500F91045 /* Shaders.metal */,
			);
			path = Rendering;
			sourceTree = "<group>";
		};
		0F9104F92D47DFA500F91045 /* PreferencesView */ = {
			isa = PBXGroup;
			children = (
				0F9104F82D47DFA500F91045 /* PreferencesView.swift */,
			);
			path = PreferencesView;
			sourceTree = "<group>";
		};
		0F9104FC2D47DFA500F91045 /* Views */ = {
			isa = PBXGroup;
			children = (
				0F9104F92D47DFA500F91045 /* PreferencesView */,
				0F9104FA2D47DFA500F91045 /* BoundingBoxView.swift */,
				0F9104FB2D47DFA500F91045 /* ContentView.swift */,
			);
			path = Views;
			sourceTree = "<group>";
		};
		0F9105002D47DFA500F91045 /* Windows */ = {
			isa = PBXGroup;
			children = (
				0F9104FD2D47DFA500F91045 /* LogWindow.swift */,
				0F9104FE2D47DFA500F91045 /* LogWindowController.swift */,
				0F9104FF2D47DFA500F91045 /* OverlayWindow.swift */,
			);
			path = Windows;
			sourceTree = "<group>";
		};
		0F9105012D47DFA500F91045 /* UI */ = {
			isa = PBXGroup;
			children = (
				0F9104F72D47DFA500F91045 /* Rendering */,
				0F9104FC2D47DFA500F91045 /* Views */,
				0F9105002D47DFA500F91045 /* Windows */,
			);
			path = UI;
			sourceTree = "<group>";
		};
		0F9105032D47DFA500F91045 /* Extensions */ = {
			isa = PBXGroup;
			children = (
				0F9105022D47DFA500F91045 /* Color+hex.swift */,
			);
			path = Extensions;
			sourceTree = "<group>";
		};
		0F9105042D47DFA500F91045 /* Utils */ = {
			isa = PBXGroup;
			children = (
				0F9105032D47DFA500F91045 /* Extensions */,
			);
			path = Utils;
			sourceTree = "<group>";
		};
/* End PBXGroup section */

/* Begin PBXNativeTarget section */
		0F3EE7622D40E13F00A1CBC2 /* YOLOverlay */ = {
			isa = PBXNativeTarget;
			buildConfigurationList = 0F3EE7882D40E14000A1CBC2 /* Build configuration list for PBXNativeTarget "YOLOverlay" */;
			buildPhases = (
				0F3EE75F2D40E13F00A1CBC2 /* Sources */,
				0F3EE7602D40E13F00A1CBC2 /* Frameworks */,
				0F3EE7612D40E13F00A1CBC2 /* Resources */,
			);
			buildRules = (
			);
			dependencies = (
			);
			name = YOLOverlay;
			packageProductDependencies = (
			);
			productName = "Yolo Marker";
			productReference = 0F3EE7632D40E13F00A1CBC2 /* YOLOverlay.app */;
			productType = "com.apple.product-type.application";
		};
		0F3EE7732D40E14000A1CBC2 /* YOLOverlayTests */ = {
			isa = PBXNativeTarget;
			buildConfigurationList = 0F3EE78B2D40E14000A1CBC2 /* Build configuration list for PBXNativeTarget "YOLOverlayTests" */;
			buildPhases = (
				0F3EE7702D40E14000A1CBC2 /* Sources */,
				0F3EE7712D40E14000A1CBC2 /* Frameworks */,
				0F3EE7722D40E14000A1CBC2 /* Resources */,
			);
			buildRules = (
			);
			dependencies = (
				0F3EE7762D40E14000A1CBC2 /* PBXTargetDependency */,
			);
			fileSystemSynchronizedGroups = (
				0F3EE7772D40E14000A1CBC2 /* YOLOverlayTests */,
			);
			name = YOLOverlayTests;
			packageProductDependencies = (
			);
			productName = "Yolo MarkerTests";
			productReference = 0F3EE7742D40E14000A1CBC2 /* YOLOverlayTests.xctest */;
			productType = "com.apple.product-type.bundle.unit-test";
		};
		0F3EE77D2D40E14000A1CBC2 /* YOLOverlayUITests */ = {
			isa = PBXNativeTarget;
			buildConfigurationList = 0F3EE78E2D40E14000A1CBC2 /* Build configuration list for PBXNativeTarget "YOLOverlayUITests" */;
			buildPhases = (
				0F3EE77A2D40E14000A1CBC2 /* Sources */,
				0F3EE77B2D40E14000A1CBC2 /* Frameworks */,
				0F3EE77C2D40E14000A1CBC2 /* Resources */,
			);
			buildRules = (
			);
			dependencies = (
				0F3EE7802D40E14000A1CBC2 /* PBXTargetDependency */,
			);
			fileSystemSynchronizedGroups = (
				0F3EE7812D40E14000A1CBC2 /* YOLOverlayUITests */,
			);
			name = YOLOverlayUITests;
			packageProductDependencies = (
			);
			productName = "Yolo MarkerUITests";
			productReference = 0F3EE77E2D40E14000A1CBC2 /* YOLOverlayUITests.xctest */;
			productType = "com.apple.product-type.bundle.ui-testing";
		};
/* End PBXNativeTarget section */

/* Begin PBXProject section */
		0F3EE75B2D40E13F00A1CBC2 /* Project object */ = {
			isa = PBXProject;
			attributes = {
				BuildIndependentTargetsInParallel = 1;
				LastSwiftUpdateCheck = 1620;
				LastUpgradeCheck = 1620;
				TargetAttributes = {
					0F3EE7622D40E13F00A1CBC2 = {
						CreatedOnToolsVersion = 16.2;
					};
					0F3EE7732D40E14000A1CBC2 = {
						CreatedOnToolsVersion = 16.2;
						TestTargetID = 0F3EE7622D40E13F00A1CBC2;
					};
					0F3EE77D2D40E14000A1CBC2 = {
						CreatedOnToolsVersion = 16.2;
						TestTargetID = 0F3EE7622D40E13F00A1CBC2;
					};
				};
			};
			buildConfigurationList = 0F3EE75E2D40E13F00A1CBC2 /* Build configuration list for PBXProject "YOLOverlay" */;
			developmentRegion = en;
			hasScannedForEncodings = 0;
			knownRegions = (
				en,
				Base,
			);
			mainGroup = 0F3EE75A2D40E13F00A1CBC2;
			minimizedProjectReferenceProxies = 1;
			packageReferences = (
			);
			preferredProjectObjectVersion = 77;
			productRefGroup = 0F3EE7642D40E13F00A1CBC2 /* Products */;
			projectDirPath = "";
			projectRoot = "";
			targets = (
				0F3EE7622D40E13F00A1CBC2 /* YOLOverlay */,
				0F3EE7732D40E14000A1CBC2 /* YOLOverlayTests */,
				0F3EE77D2D40E14000A1CBC2 /* YOLOverlayUITests */,
			);
		};
/* End PBXProject section */

/* Begin PBXResourcesBuildPhase section */
		0F3EE7612D40E13F00A1CBC2 /* Resources */ = {
			isa = PBXResourcesBuildPhase;
			buildActionMask = 2147483647;
			files = (
				0F91051B2D47DFA500F91045 /* Preview Assets.xcassets in Resources */,
				0F91051C2D47DFA500F91045 /* Assets.xcassets in Resources */,
				0F91051D2D47DFA500F91045 /* Info.plist in Resources */,
			);
			runOnlyForDeploymentPostprocessing = 0;
		};
		0F3EE7722D40E14000A1CBC2 /* Resources */ = {
			isa = PBXResourcesBuildPhase;
			buildActionMask = 2147483647;
			files = (
			);
			runOnlyForDeploymentPostprocessing = 0;
		};
		0F3EE77C2D40E14000A1CBC2 /* Resources */ = {
			isa = PBXResourcesBuildPhase;
			buildActionMask = 2147483647;
			files = (
			);
			runOnlyForDeploymentPostprocessing = 0;
		};
/* End PBXResourcesBuildPhase section */

/* Begin PBXSourcesBuildPhase section */
		0F3EE75F2D40E13F00A1CBC2 /* Sources */ = {
			isa = PBXSourcesBuildPhase;
			buildActionMask = 2147483647;
			files = (
				0F3EE7B72D40F90900A1CBC2 /* yolo11s.mlpackage in Sources */,
				0F3EE7B82D40F90900A1CBC2 /* yolov8x.mlpackage in Sources */,
				0F9104D72D47DC7B00F91045 /* YOLOModelManager.swift in Sources */,
				0F9104D82D47DC7B00F91045 /* DetectedObject.swift in Sources */,
				0F9104D92D47DC7B00F91045 /* YOLOTrackedObject.swift in Sources */,
				0F9104DA2D47DC7B00F91045 /* ModelError.swift in Sources */,
				0F3EE7B92D40F90900A1CBC2 /* yolov8l.mlpackage in Sources */,
				0F9105052D47DFA500F91045 /* LogWindowController.swift in Sources */,
				0F9105062D47DFA500F91045 /* Shaders.metal in Sources */,
				0F9105072D47DFA500F91045 /* Yolo_MarkerApp.swift in Sources */,
				0F9105082D47DFA500F91045 /* ModelService.swift in Sources */,
				0F9105092D47DFA500F91045 /* SegmentationObservation.swift in Sources */,
				0F91050A2D47DFA500F91045 /* YOLOTrackedObject.swift in Sources */,
				0F91050B2D47DFA500F91045 /* SegmentationRenderer.swift in Sources */,
				0F91050C2D47DFA500F91045 /* BoundingBoxView.swift in Sources */,
				0F91050D2D47DFA500F91045 /* OverlayWindow.swift in Sources */,
				0F91050E2D47DFA500F91045 /* ScreenCaptureManager.swift in Sources */,
				0F91050F2D47DFA500F91045 /* ContentView.swift in Sources */,
				0F9105102D47DFA500F91045 /* YOLOModelManager.swift in Sources */,
				0F9105112D47DFA500F91045 /* LogManager.swift in Sources */,
				0F9105122D47DFA500F91045 /* ObjectTracker.swift in Sources */,
				0F9105132D47DFA500F91045 /* ModelError.swift in Sources */,
				0F9105142D47DFA500F91045 /* StatsManager.swift in Sources */,
				0F9105152D47DFA500F91045 /* AppDelegate.swift in Sources */,
				0F9105162D47DFA500F91045 /* PreferencesView.swift in Sources */,
				0F9105172D47DFA500F91045 /* Color+hex.swift in Sources */,
				0F9105182D47DFA500F91045 /* LogWindow.swift in Sources */,
				0F9105192D47DFA500F91045 /* Settings.swift in Sources */,
				0F91051A2D47DFA500F91045 /* DetectedObject.swift in Sources */,
				0F3EE7F82D41407400A1CBC2 /* yolo11x.mlpackage in Sources */,
				0F3EE7BA2D40F90900A1CBC2 /* yolo11l.mlpackage in Sources */,
			);
			runOnlyForDeploymentPostprocessing = 0;
		};
		0F3EE7702D40E14000A1CBC2 /* Sources */ = {
			isa = PBXSourcesBuildPhase;
			buildActionMask = 2147483647;
			files = (
			);
			runOnlyForDeploymentPostprocessing = 0;
		};
		0F3EE77A2D40E14000A1CBC2 /* Sources */ = {
			isa = PBXSourcesBuildPhase;
			buildActionMask = 2147483647;
			files = (
			);
			runOnlyForDeploymentPostprocessing = 0;
		};
/* End PBXSourcesBuildPhase section */

/* Begin PBXTargetDependency section */
		0F3EE7762D40E14000A1CBC2 /* PBXTargetDependency */ = {
			isa = PBXTargetDependency;
			target = 0F3EE7622D40E13F00A1CBC2 /* YOLOverlay */;
			targetProxy = 0F3EE7752D40E14000A1CBC2 /* PBXContainerItemProxy */;
		};
		0F3EE7802D40E14000A1CBC2 /* PBXTargetDependency */ = {
			isa = PBXTargetDependency;
			target = 0F3EE7622D40E13F00A1CBC2 /* YOLOverlay */;
			targetProxy = 0F3EE77F2D40E14000A1CBC2 /* PBXContainerItemProxy */;
		};
/* End PBXTargetDependency section */

/* Begin XCBuildConfiguration section */
		0F3EE7862D40E14000A1CBC2 /* Debug */ = {
			isa = XCBuildConfiguration;
			buildSettings = {
				ALWAYS_SEARCH_USER_PATHS = NO;
				ASSETCATALOG_COMPILER_GENERATE_SWIFT_ASSET_SYMBOL_EXTENSIONS = YES;
				CLANG_ANALYZER_NONNULL = YES;
				CLANG_ANALYZER_NUMBER_OBJECT_CONVERSION = YES_AGGRESSIVE;
				CLANG_CXX_LANGUAGE_STANDARD = "gnu++20";
				CLANG_ENABLE_MODULES = YES;
				CLANG_ENABLE_OBJC_ARC = YES;
				CLANG_ENABLE_OBJC_WEAK = YES;
				CLANG_WARN_BLOCK_CAPTURE_AUTORELEASING = YES;
				CLANG_WARN_BOOL_CONVERSION = YES;
				CLANG_WARN_COMMA = YES;
				CLANG_WARN_CONSTANT_CONVERSION = YES;
				CLANG_WARN_DEPRECATED_OBJC_IMPLEMENTATIONS = YES;
				CLANG_WARN_DIRECT_OBJC_ISA_USAGE = YES_ERROR;
				CLANG_WARN_DOCUMENTATION_COMMENTS = YES;
				CLANG_WARN_EMPTY_BODY = YES;
				CLANG_WARN_ENUM_CONVERSION = YES;
				CLANG_WARN_INFINITE_RECURSION = YES;
				CLANG_WARN_INT_CONVERSION = YES;
				CLANG_WARN_NON_LITERAL_NULL_CONVERSION = YES;
				CLANG_WARN_OBJC_IMPLICIT_RETAIN_SELF = YES;
				CLANG_WARN_OBJC_LITERAL_CONVERSION = YES;
				CLANG_WARN_OBJC_ROOT_CLASS = YES_ERROR;
				CLANG_WARN_QUOTED_INCLUDE_IN_FRAMEWORK_HEADER = YES;
				CLANG_WARN_RANGE_LOOP_ANALYSIS = YES;
				CLANG_WARN_STRICT_PROTOTYPES = YES;
				CLANG_WARN_SUSPICIOUS_MOVE = YES;
				CLANG_WARN_UNGUARDED_AVAILABILITY = YES_AGGRESSIVE;
				CLANG_WARN_UNREACHABLE_CODE = YES;
				CLANG_WARN__DUPLICATE_METHOD_MATCH = YES;
				COPY_PHASE_STRIP = NO;
				DEBUG_INFORMATION_FORMAT = dwarf;
				ENABLE_STRICT_OBJC_MSGSEND = YES;
				ENABLE_TESTABILITY = YES;
				ENABLE_USER_SCRIPT_SANDBOXING = YES;
				GCC_C_LANGUAGE_STANDARD = gnu17;
				GCC_DYNAMIC_NO_PIC = NO;
				GCC_NO_COMMON_BLOCKS = YES;
				GCC_OPTIMIZATION_LEVEL = 0;
				GCC_PREPROCESSOR_DEFINITIONS = (
					"DEBUG=1",
					"$(inherited)",
				);
				GCC_WARN_64_TO_32_BIT_CONVERSION = YES;
				GCC_WARN_ABOUT_RETURN_TYPE = YES_ERROR;
				GCC_WARN_UNDECLARED_SELECTOR = YES;
				GCC_WARN_UNINITIALIZED_AUTOS = YES_AGGRESSIVE;
				GCC_WARN_UNUSED_FUNCTION = YES;
				GCC_WARN_UNUSED_VARIABLE = YES;
				LOCALIZATION_PREFERS_STRING_CATALOGS = YES;
				MACOSX_DEPLOYMENT_TARGET = 15.1;
				MTL_ENABLE_DEBUG_INFO = INCLUDE_SOURCE;
				MTL_FAST_MATH = YES;
				ONLY_ACTIVE_ARCH = YES;
				SDKROOT = macosx;
				SWIFT_ACTIVE_COMPILATION_CONDITIONS = "DEBUG $(inherited)";
				SWIFT_OPTIMIZATION_LEVEL = "-Onone";
			};
			name = Debug;
		};
		0F3EE7872D40E14000A1CBC2 /* Release */ = {
			isa = XCBuildConfiguration;
			buildSettings = {
				ALWAYS_SEARCH_USER_PATHS = NO;
				ASSETCATALOG_COMPILER_GENERATE_SWIFT_ASSET_SYMBOL_EXTENSIONS = YES;
				CLANG_ANALYZER_NONNULL = YES;
				CLANG_ANALYZER_NUMBER_OBJECT_CONVERSION = YES_AGGRESSIVE;
				CLANG_CXX_LANGUAGE_STANDARD = "gnu++20";
				CLANG_ENABLE_MODULES = YES;
				CLANG_ENABLE_OBJC_ARC = YES;
				CLANG_ENABLE_OBJC_WEAK = YES;
				CLANG_WARN_BLOCK_CAPTURE_AUTORELEASING = YES;
				CLANG_WARN_BOOL_CONVERSION = YES;
				CLANG_WARN_COMMA = YES;
				CLANG_WARN_CONSTANT_CONVERSION = YES;
				CLANG_WARN_DEPRECATED_OBJC_IMPLEMENTATIONS = YES;
				CLANG_WARN_DIRECT_OBJC_ISA_USAGE = YES_ERROR;
				CLANG_WARN_DOCUMENTATION_COMMENTS = YES;
				CLANG_WARN_EMPTY_BODY = YES;
				CLANG_WARN_ENUM_CONVERSION = YES;
				CLANG_WARN_INFINITE_RECURSION = YES;
				CLANG_WARN_INT_CONVERSION = YES;
				CLANG_WARN_NON_LITERAL_NULL_CONVERSION = YES;
				CLANG_WARN_OBJC_IMPLICIT_RETAIN_SELF = YES;
				CLANG_WARN_OBJC_LITERAL_CONVERSION = YES;
				CLANG_WARN_OBJC_ROOT_CLASS = YES_ERROR;
				CLANG_WARN_QUOTED_INCLUDE_IN_FRAMEWORK_HEADER = YES;
				CLANG_WARN_RANGE_LOOP_ANALYSIS = YES;
				CLANG_WARN_STRICT_PROTOTYPES = YES;
				CLANG_WARN_SUSPICIOUS_MOVE = YES;
				CLANG_WARN_UNGUARDED_AVAILABILITY = YES_AGGRESSIVE;
				CLANG_WARN_UNREACHABLE_CODE = YES;
				CLANG_WARN__DUPLICATE_METHOD_MATCH = YES;
				COPY_PHASE_STRIP = NO;
				DEBUG_INFORMATION_FORMAT = "dwarf-with-dsym";
				ENABLE_NS_ASSERTIONS = NO;
				ENABLE_STRICT_OBJC_MSGSEND = YES;
				ENABLE_USER_SCRIPT_SANDBOXING = YES;
				GCC_C_LANGUAGE_STANDARD = gnu17;
				GCC_NO_COMMON_BLOCKS = YES;
				GCC_WARN_64_TO_32_BIT_CONVERSION = YES;
				GCC_WARN_ABOUT_RETURN_TYPE = YES_ERROR;
				GCC_WARN_UNDECLARED_SELECTOR = YES;
				GCC_WARN_UNINITIALIZED_AUTOS = YES_AGGRESSIVE;
				GCC_WARN_UNUSED_FUNCTION = YES;
				GCC_WARN_UNUSED_VARIABLE = YES;
				LOCALIZATION_PREFERS_STRING_CATALOGS = YES;
				MACOSX_DEPLOYMENT_TARGET = 15.1;
				MTL_ENABLE_DEBUG_INFO = NO;
				MTL_FAST_MATH = YES;
				SDKROOT = macosx;
				SWIFT_COMPILATION_MODE = wholemodule;
			};
			name = Release;
		};
		0F3EE7892D40E14000A1CBC2 /* Debug */ = {
			isa = XCBuildConfiguration;
			buildSettings = {
				ASSETCATALOG_COMPILER_APPICON_NAME = AppIcon;
				ASSETCATALOG_COMPILER_GLOBAL_ACCENT_COLOR_NAME = AccentColor;
				CODE_SIGN_ENTITLEMENTS = YOLOVerlay/App/YOLOverlay.entitlements;
				"CODE_SIGN_IDENTITY[sdk=macosx*]" = "Apple Development";
				CODE_SIGN_STYLE = Automatic;
				COMBINE_HIDPI_IMAGES = YES;
				CURRENT_PROJECT_VERSION = 1;
				DEVELOPMENT_ASSET_PATHS = "\"YOLOverlay/Resources/Preview Content\"";
				DEVELOPMENT_TEAM = G69P92F3KV;
				ENABLE_HARDENED_RUNTIME = YES;
				ENABLE_PREVIEWS = YES;
				GENERATE_INFOPLIST_FILE = YES;
				INFOPLIST_FILE = YOLOverlay/App/Info.plist;
				INFOPLIST_KEY_CFBundleDisplayName = YOLOverlay;
				INFOPLIST_KEY_NSHumanReadableCopyright = "";
				LD_RUNPATH_SEARCH_PATHS = (
					"$(inherited)",
					"@executable_path/../Frameworks",
				);
				MARKETING_VERSION = 1.0;
				PRODUCT_BUNDLE_IDENTIFIER = com.kazazes.YOLOverlay;
				PRODUCT_NAME = "$(TARGET_NAME)";
				SWIFT_EMIT_LOC_STRINGS = YES;
				SWIFT_VERSION = 5.0;
			};
			name = Debug;
		};
		0F3EE78A2D40E14000A1CBC2 /* Release */ = {
			isa = XCBuildConfiguration;
			buildSettings = {
				ASSETCATALOG_COMPILER_APPICON_NAME = AppIcon;
				ASSETCATALOG_COMPILER_GLOBAL_ACCENT_COLOR_NAME = AccentColor;
				CODE_SIGN_ENTITLEMENTS = YOLOVerlay/App/YOLOverlay.entitlements;
				"CODE_SIGN_IDENTITY[sdk=macosx*]" = "Apple Development";
				CODE_SIGN_STYLE = Automatic;
				COMBINE_HIDPI_IMAGES = YES;
				CURRENT_PROJECT_VERSION = 1;
				DEVELOPMENT_ASSET_PATHS = "\"YOLOverlay/Resources/Preview Content\"";
				DEVELOPMENT_TEAM = G69P92F3KV;
				ENABLE_HARDENED_RUNTIME = YES;
				ENABLE_PREVIEWS = YES;
				GENERATE_INFOPLIST_FILE = YES;
				INFOPLIST_FILE = YOLOverlay/App/Info.plist;
				INFOPLIST_KEY_CFBundleDisplayName = YOLOverlay;
				INFOPLIST_KEY_NSHumanReadableCopyright = "";
				LD_RUNPATH_SEARCH_PATHS = (
					"$(inherited)",
					"@executable_path/../Frameworks",
				);
				MARKETING_VERSION = 1.0;
				PRODUCT_BUNDLE_IDENTIFIER = com.kazazes.YOLOverlay;
				PRODUCT_NAME = "$(TARGET_NAME)";
				SWIFT_EMIT_LOC_STRINGS = YES;
				SWIFT_VERSION = 5.0;
			};
			name = Release;
		};
		0F3EE78C2D40E14000A1CBC2 /* Debug */ = {
			isa = XCBuildConfiguration;
			buildSettings = {
				BUNDLE_LOADER = "$(TEST_HOST)";
				CODE_SIGN_STYLE = Automatic;
				CURRENT_PROJECT_VERSION = 1;
				DEVELOPMENT_TEAM = G69P92F3KV;
				GENERATE_INFOPLIST_FILE = YES;
				MACOSX_DEPLOYMENT_TARGET = 15.1;
				MARKETING_VERSION = 1.0;
				PRODUCT_BUNDLE_IDENTIFIER = "com.kazazes.Yolo-MarkerTests";
				PRODUCT_NAME = "$(TARGET_NAME)";
				SWIFT_EMIT_LOC_STRINGS = NO;
				SWIFT_VERSION = 5.0;
				TEST_HOST = "$(BUILT_PRODUCTS_DIR)/YOLOverlay.app/$(BUNDLE_EXECUTABLE_FOLDER_PATH)/YOLOverlay";
			};
			name = Debug;
		};
		0F3EE78D2D40E14000A1CBC2 /* Release */ = {
			isa = XCBuildConfiguration;
			buildSettings = {
				BUNDLE_LOADER = "$(TEST_HOST)";
				CODE_SIGN_STYLE = Automatic;
				CURRENT_PROJECT_VERSION = 1;
				DEVELOPMENT_TEAM = G69P92F3KV;
				GENERATE_INFOPLIST_FILE = YES;
				MACOSX_DEPLOYMENT_TARGET = 15.1;
				MARKETING_VERSION = 1.0;
				PRODUCT_BUNDLE_IDENTIFIER = "com.kazazes.Yolo-MarkerTests";
				PRODUCT_NAME = "$(TARGET_NAME)";
				SWIFT_EMIT_LOC_STRINGS = NO;
				SWIFT_VERSION = 5.0;
				TEST_HOST = "$(BUILT_PRODUCTS_DIR)/YOLOverlay.app/$(BUNDLE_EXECUTABLE_FOLDER_PATH)/YOLOverlay";
			};
			name = Release;
		};
		0F3EE78F2D40E14000A1CBC2 /* Debug */ = {
			isa = XCBuildConfiguration;
			buildSettings = {
				CODE_SIGN_STYLE = Automatic;
				CURRENT_PROJECT_VERSION = 1;
				DEVELOPMENT_TEAM = G69P92F3KV;
				GENERATE_INFOPLIST_FILE = YES;
				MARKETING_VERSION = 1.0;
				PRODUCT_BUNDLE_IDENTIFIER = "com.kazazes.Yolo-MarkerUITests";
				PRODUCT_NAME = "$(TARGET_NAME)";
				SWIFT_EMIT_LOC_STRINGS = NO;
				SWIFT_VERSION = 5.0;
				TEST_TARGET_NAME = "Yolo Marker";
			};
			name = Debug;
		};
		0F3EE7902D40E14000A1CBC2 /* Release */ = {
			isa = XCBuildConfiguration;
			buildSettings = {
				CODE_SIGN_STYLE = Automatic;
				CURRENT_PROJECT_VERSION = 1;
				DEVELOPMENT_TEAM = G69P92F3KV;
				GENERATE_INFOPLIST_FILE = YES;
				MARKETING_VERSION = 1.0;
				PRODUCT_BUNDLE_IDENTIFIER = "com.kazazes.Yolo-MarkerUITests";
				PRODUCT_NAME = "$(TARGET_NAME)";
				SWIFT_EMIT_LOC_STRINGS = NO;
				SWIFT_VERSION = 5.0;
				TEST_TARGET_NAME = "Yolo Marker";
			};
			name = Release;
		};
/* End XCBuildConfiguration section */

/* Begin XCConfigurationList section */
		0F3EE75E2D40E13F00A1CBC2 /* Build configuration list for PBXProject "YOLOverlay" */ = {
			isa = XCConfigurationList;
			buildConfigurations = (
				0F3EE7862D40E14000A1CBC2 /* Debug */,
				0F3EE7872D40E14000A1CBC2 /* Release */,
			);
			defaultConfigurationIsVisible = 0;
			defaultConfigurationName = Release;
		};
		0F3EE7882D40E14000A1CBC2 /* Build configuration list for PBXNativeTarget "YOLOverlay" */ = {
			isa = XCConfigurationList;
			buildConfigurations = (
				0F3EE7892D40E14000A1CBC2 /* Debug */,
				0F3EE78A2D40E14000A1CBC2 /* Release */,
			);
			defaultConfigurationIsVisible = 0;
			defaultConfigurationName = Release;
		};
		0F3EE78B2D40E14000A1CBC2 /* Build configuration list for PBXNativeTarget "YOLOverlayTests" */ = {
			isa = XCConfigurationList;
			buildConfigurations = (
				0F3EE78C2D40E14000A1CBC2 /* Debug */,
				0F3EE78D2D40E14000A1CBC2 /* Release */,
			);
			defaultConfigurationIsVisible = 0;
			defaultConfigurationName = Release;
		};
		0F3EE78E2D40E14000A1CBC2 /* Build configuration list for PBXNativeTarget "YOLOverlayUITests" */ = {
			isa = XCConfigurationList;
			buildConfigurations = (
				0F3EE78F2D40E14000A1CBC2 /* Debug */,
				0F3EE7902D40E14000A1CBC2 /* Release */,
			);
			defaultConfigurationIsVisible = 0;
			defaultConfigurationName = Release;
		};
/* End XCConfigurationList section */
	};
	rootObject = 0F3EE75B2D40E13F00A1CBC2 /* Project object */;
}
